{
  "projects": [
    {
      "projectId": "5qqynfEyE1GRjXiSU2SzXg",
      "version": "latest",
      "dependencies": {},
      "lang": "ts",
      "fileLocks": [
        {
          "type": "globalVariant",
          "assetId": "9Jt8zyUGZpp5z",
          "checksum": "232fea2896be13b90ab1ae6188fe679f"
        },
        {
          "type": "renderModule",
          "assetId": "HtSj_bf-pk",
          "checksum": "97e419c8df5bbf8a4c71a33b56948226"
        },
        {
          "type": "cssRules",
          "assetId": "HtSj_bf-pk",
          "checksum": "97e419c8df5bbf8a4c71a33b56948226"
        },
        {
          "type": "renderModule",
          "assetId": "sEXs3om_hI",
          "checksum": "b9a1d1efa1495a28446fb42c43f3ffb6"
        },
        {
          "type": "cssRules",
          "assetId": "sEXs3om_hI",
          "checksum": "b9a1d1efa1495a28446fb42c43f3ffb6"
        },
        {
          "assetId": "5qqynfEyE1GRjXiSU2SzXg",
          "type": "projectCss",
          "checksum": "99e68cd59d36596481129764fc54a401"
        }
      ],
      "codegenVersion": "0.0.1"
    }
  ],
  "cliVersion": "0.1.186"
}
