{
  "projects": [
    {
      "projectId": "5qqynfEyE1GRjXiSU2SzXg",
      "version": "latest",
      "dependencies": {},
      "lang": "ts",
      "fileLocks": [
        {
          "type": "globalVariant",
          "assetId": "9Jt8zyUGZpp5z",
          "checksum": "232fea2896be13b90ab1ae6188fe679f"
        },
        {
          "type": "renderModule",
          "assetId": "HtSj_bf-pk",
          "checksum": "97e419c8df5bbf8a4c71a33b56948226"
        },
        {
          "type": "cssRules",
          "assetId": "HtSj_bf-pk",
          "checksum": "97e419c8df5bbf8a4c71a33b56948226"
        },
        {
          "assetId": "5qqynfEyE1GRjXiSU2SzXg",
          "type": "projectCss",
          "checksum": "99e68cd59d36596481129764fc54a401"
        }
      ],
      "codegenVersion": "0.0.1"
    },
    {
      "projectId": "b6nKE7i8gN5v6BLYoUcJjc",
      "version": "latest",
      "dependencies": {},
      "lang": "ts",
      "fileLocks": [
        {
          "type": "globalVariant",
          "assetId": "SQJ7GI5lUG-TnD",
          "checksum": "1bac456bd7e3772e2c6afd7a219e320c"
        },
        {
          "assetId": "b6nKE7i8gN5v6BLYoUcJjc",
          "type": "projectCss",
          "checksum": "ca887b1b3fc1ae47659a82acf0293009"
        },
        {
          "type": "renderModule",
          "assetId": "XPxdLD75rI3js",
          "checksum": "eface476f69ded11db3ea3fcb3e80383"
        },
        {
          "type": "cssRules",
          "assetId": "XPxdLD75rI3js",
          "checksum": "eface476f69ded11db3ea3fcb3e80383"
        },
        {
          "type": "renderModule",
          "assetId": "_eu-35VrnzeFW",
          "checksum": "1b59d5677ff6f61089909c413c390915"
        },
        {
          "type": "cssRules",
          "assetId": "_eu-35VrnzeFW",
          "checksum": "1b59d5677ff6f61089909c413c390915"
        },
        {
          "type": "renderModule",
          "assetId": "_pwyTS5F_oeX4v",
          "checksum": "f9e81f8dffd205b3a827f9b07ae44644"
        },
        {
          "type": "cssRules",
          "assetId": "_pwyTS5F_oeX4v",
          "checksum": "f9e81f8dffd205b3a827f9b07ae44644"
        },
        {
          "type": "renderModule",
          "assetId": "DDmOxcXOOF3YEr",
          "checksum": "2255f3a73869f4916ee52bad21f79e28"
        },
        {
          "type": "cssRules",
          "assetId": "DDmOxcXOOF3YEr",
          "checksum": "2255f3a73869f4916ee52bad21f79e28"
        },
        {
          "type": "renderModule",
          "assetId": "tzuZfqunpBw6V_",
          "checksum": "3b9069242716a9efb689a23012be13d8"
        },
        {
          "type": "cssRules",
          "assetId": "tzuZfqunpBw6V_",
          "checksum": "3b9069242716a9efb689a23012be13d8"
        },
        {
          "type": "renderModule",
          "assetId": "yQIB8oOC4ZH-Ii",
          "checksum": "e4147ef175c4613ccbceaa3d1c2cfcc3"
        },
        {
          "type": "cssRules",
          "assetId": "yQIB8oOC4ZH-Ii",
          "checksum": "e4147ef175c4613ccbceaa3d1c2cfcc3"
        },
        {
          "type": "renderModule",
          "assetId": "gqYGTpy-VKih-k",
          "checksum": "00ce9b4a67738db6be2621eed46c8376"
        },
        {
          "type": "cssRules",
          "assetId": "gqYGTpy-VKih-k",
          "checksum": "00ce9b4a67738db6be2621eed46c8376"
        },
        {
          "type": "renderModule",
          "assetId": "Pyz-ejhh9PT-70",
          "checksum": "fe734e81b963eff94a7db729300a4825"
        },
        {
          "type": "cssRules",
          "assetId": "Pyz-ejhh9PT-70",
          "checksum": "fe734e81b963eff94a7db729300a4825"
        },
        {
          "type": "renderModule",
          "assetId": "29bXtXSfKv4wef",
          "checksum": "b68d1ce3de209b29a29ea48dbfde76a1"
        },
        {
          "type": "cssRules",
          "assetId": "29bXtXSfKv4wef",
          "checksum": "b68d1ce3de209b29a29ea48dbfde76a1"
        },
        {
          "type": "renderModule",
          "assetId": "9cscB6mKvicBzU",
          "checksum": "7598f4ffb3e1fa7fb56b1ed2a21d3e6a"
        },
        {
          "type": "cssRules",
          "assetId": "9cscB6mKvicBzU",
          "checksum": "7598f4ffb3e1fa7fb56b1ed2a21d3e6a"
        },
        {
          "type": "renderModule",
          "assetId": "NAQSAztB7WS2W4",
          "checksum": "7c45d74f4182a87750695eea72015b01"
        },
        {
          "type": "cssRules",
          "assetId": "NAQSAztB7WS2W4",
          "checksum": "7c45d74f4182a87750695eea72015b01"
        },
        {
          "type": "renderModule",
          "assetId": "Pvo7pQ-dONVk1i",
          "checksum": "7d6febb6de33f00b621dd544c33d73ee"
        },
        {
          "type": "cssRules",
          "assetId": "Pvo7pQ-dONVk1i",
          "checksum": "7d6febb6de33f00b621dd544c33d73ee"
        },
        {
          "type": "renderModule",
          "assetId": "Uh4Utc004FOb6p",
          "checksum": "5d9d4f818753da0c65a4d73405c534a8"
        },
        {
          "type": "cssRules",
          "assetId": "Uh4Utc004FOb6p",
          "checksum": "5d9d4f818753da0c65a4d73405c534a8"
        },
        {
          "type": "renderModule",
          "assetId": "JmTdzP_aysv",
          "checksum": "c8e7aad5754b8f998d44f274689aa98b"
        },
        {
          "type": "cssRules",
          "assetId": "JmTdzP_aysv",
          "checksum": "c8e7aad5754b8f998d44f274689aa98b"
        },
        {
          "type": "renderModule",
          "assetId": "0_xbkoU01HZ",
          "checksum": "a3d182ba44cb2df26e66ccfd686af025"
        },
        {
          "type": "cssRules",
          "assetId": "0_xbkoU01HZ",
          "checksum": "a3d182ba44cb2df26e66ccfd686af025"
        },
        {
          "type": "renderModule",
          "assetId": "_FJBp3Isjdw",
          "checksum": "2bf18bbd0b2666ddb9d6f24f1440d39d"
        },
        {
          "type": "cssRules",
          "assetId": "_FJBp3Isjdw",
          "checksum": "2bf18bbd0b2666ddb9d6f24f1440d39d"
        },
        {
          "type": "renderModule",
          "assetId": "Ip5oMj1KyF",
          "checksum": "1fd66d15e6a31316287e0ea770886a2d"
        },
        {
          "type": "cssRules",
          "assetId": "Ip5oMj1KyF",
          "checksum": "1fd66d15e6a31316287e0ea770886a2d"
        },
        {
          "type": "renderModule",
          "assetId": "VpuIGFSPyY",
          "checksum": "b13734cebdeac971886aa39007c18e88"
        },
        {
          "type": "cssRules",
          "assetId": "VpuIGFSPyY",
          "checksum": "b13734cebdeac971886aa39007c18e88"
        },
        {
          "type": "renderModule",
          "assetId": "Ut_68xLx3B",
          "checksum": "220afdee4ac44130eb3b7418bf56db02"
        },
        {
          "type": "cssRules",
          "assetId": "Ut_68xLx3B",
          "checksum": "220afdee4ac44130eb3b7418bf56db02"
        },
        {
          "type": "renderModule",
          "assetId": "EGyKngQGD_E",
          "checksum": "40ee660f82426451b686976e5d9c4eb9"
        },
        {
          "type": "cssRules",
          "assetId": "EGyKngQGD_E",
          "checksum": "40ee660f82426451b686976e5d9c4eb9"
        },
        {
          "type": "renderModule",
          "assetId": "zYH_T2ZI3uO",
          "checksum": "e5022f777eb4fda578901179da4b3922"
        },
        {
          "type": "cssRules",
          "assetId": "zYH_T2ZI3uO",
          "checksum": "e5022f777eb4fda578901179da4b3922"
        },
        {
          "type": "icon",
          "assetId": "CHjFDXi0wrulJy",
          "checksum": "e976e43145413ec1037b0a0e7ec69710"
        },
        {
          "type": "icon",
          "assetId": "N2O1cciiO0c85w",
          "checksum": "f77377c3e32e7ffb5358f69ad62bef84"
        },
        {
          "type": "icon",
          "assetId": "hc8S2cEFJqMg2v",
          "checksum": "6c10d10ce2aa7b63ec89053495132028"
        },
        {
          "type": "icon",
          "assetId": "y6quQwCJaTmsVL",
          "checksum": "0c8e4cd08b87b75fe53c21886ba070a0"
        },
        {
          "type": "icon",
          "assetId": "tQVpC9GA1572IR",
          "checksum": "a7258b54b2e9b643435b8980117e13c8"
        },
        {
          "type": "icon",
          "assetId": "eSQcnJLGO9Pz3Y",
          "checksum": "2d5803a5be3435877b275d4f4f525a50"
        },
        {
          "type": "icon",
          "assetId": "1yBWPh7xFbKeTX",
          "checksum": "2dda3ed57f16cc2444e5647bc5c86fd2"
        },
        {
          "type": "icon",
          "assetId": "Mv8k3vdGN97DfA",
          "checksum": "4a59b7332f0730f0c85492abaaa01f0d"
        },
        {
          "type": "icon",
          "assetId": "CxTL8M-h__pxLt",
          "checksum": "a16e5d88e044c32da95f32cbcde9aecf"
        },
        {
          "type": "icon",
          "assetId": "9082iRkiXfWiH3",
          "checksum": "7a63a5f2ba680f64845622ada4ceaa6e"
        },
        {
          "type": "icon",
          "assetId": "ccSEAmVotiK5n_",
          "checksum": "e6a33c6a6b743963ea5c0ff80c3043e2"
        },
        {
          "type": "icon",
          "assetId": "9bEmwD7IeXiGUj",
          "checksum": "c31f6b846f46b90e7991d6d1d48a79fc"
        },
        {
          "type": "icon",
          "assetId": "bk-mx2jhPH",
          "checksum": "d1c7344be1755bf6b4c7b7a56ead88bf"
        },
        {
          "type": "icon",
          "assetId": "mBFzNjE8V7",
          "checksum": "0ce31c4e12f6326f4284f046cb1d42a9"
        },
        {
          "type": "icon",
          "assetId": "JagI8A2jQE",
          "checksum": "7ad1cff5291867036bcf7f6ae04fc389"
        },
        {
          "type": "icon",
          "assetId": "Uk8x9tn0ek",
          "checksum": "243c954d6690416ed4cedbc6d4d81286"
        },
        {
          "type": "icon",
          "assetId": "T_u3OXYERe",
          "checksum": "090fadae58a842739c5e1271d6071aba"
        },
        {
          "type": "icon",
          "assetId": "6Mu1vSHXg9",
          "checksum": "50a162ee17c26d69e283ef333c74a9b9"
        },
        {
          "type": "icon",
          "assetId": "r8gI3Nnpp0",
          "checksum": "b398b098bb4173ce3466eb65813359b1"
        },
        {
          "type": "image",
          "assetId": "aiak5z5DYCrMer",
          "checksum": "394c565336392d415fd2fa7e49c82619"
        },
        {
          "type": "image",
          "assetId": "KNveuXw7no8a6Q",
          "checksum": "78a99e26d899bc8527eab0a853d74c5f"
        },
        {
          "type": "image",
          "assetId": "vSwM8kgHw8SoCL",
          "checksum": "f9241fb41d2ed8c0d6daa48416918128"
        },
        {
          "type": "image",
          "assetId": "4WrQqnY-MJbgsk",
          "checksum": "f7cc4745b728c26f81b3ab69329b7c0e"
        },
        {
          "type": "image",
          "assetId": "SnOz72GLB3NcTq",
          "checksum": "7fa591542276da51601b5b840165a969"
        },
        {
          "type": "image",
          "assetId": "XYFx6yyf0rwHPR",
          "checksum": "5d6942a0b2778b6c2159d21de972511a"
        },
        {
          "type": "image",
          "assetId": "BbFNzoB1P",
          "checksum": "1a1a0be49cd6bd10445214095240d629"
        },
        {
          "type": "image",
          "assetId": "Jr2JLEQIM",
          "checksum": "355dbd577ee4d88f8e7bc58b3b7a99d0"
        }
      ],
      "codegenVersion": "0.0.1"
    }
  ],
  "cliVersion": "0.1.186"
}
