{
  "projects": [
    {
      "projectId": "5qqynfEyE1GRjXiSU2SzXg",
      "version": "latest",
      "dependencies": {},
      "lang": "ts",
      "fileLocks": [
        {
          "type": "globalVariant",
          "assetId": "9Jt8zyUGZpp5z",
          "checksum": "232fea2896be13b90ab1ae6188fe679f"
        },
        {
          "type": "renderModule",
          "assetId": "HtSj_bf-pk",
          "checksum": "8111637a63e29654ce9fba1c738d694c"
        },
        {
          "type": "cssRules",
          "assetId": "HtSj_bf-pk",
          "checksum": "8111637a63e29654ce9fba1c738d694c"
        },
        {
          "type": "renderModule",
          "assetId": "sEXs3om_hI",
          "checksum": "cf02fe41e2f53e1b37b31b5259349a36"
        },
        {
          "type": "cssRules",
          "assetId": "sEXs3om_hI",
          "checksum": "cf02fe41e2f53e1b37b31b5259349a36"
        },
        {
          "assetId": "5qqynfEyE1GRjXiSU2SzXg",
          "type": "projectCss",
          "checksum": "99e68cd59d36596481129764fc54a401"
        }
      ],
      "codegenVersion": "0.0.1"
    }
  ],
  "cliVersion": "0.1.186"
}
