{
  "projects": [
    {
      "projectId": "3zhG9z8RSkaFG4kUrEQkA",
      "version": "latest",
      "dependencies": {},
      "lang": "js",
      "fileLocks": [
        {
          "type": "globalVariant",
          "assetId": "FinSLp8fnMsvb",
          "checksum": "2604286a3e7d4c23545c2647d2a36291"
        },
        {
          "assetId": "3zhG9z8RSkaFG4kUrEQkA",
          "type": "projectCss",
          "checksum": "ab5e2a2c4dcd1504fc08709e059463b2"
        },
        {
          "type": "renderModule",
          "assetId": "Ktbl2RqofZ_n",
          "checksum": "7b293bc555219a2aa4cb428452d17de2"
        },
        {
          "type": "cssRules",
          "assetId": "Ktbl2RqofZ_n",
          "checksum": "7b293bc555219a2aa4cb428452d17de2"
        },
        {
          "type": "renderModule",
          "assetId": "kjqc-NMNhxg",
          "checksum": "8f8c5262f1f9aaf1bd1da31855b57a14"
        },
        {
          "type": "cssRules",
          "assetId": "kjqc-NMNhxg",
          "checksum": "8f8c5262f1f9aaf1bd1da31855b57a14"
        },
        {
          "type": "renderModule",
          "assetId": "wqCteQAZBbmm",
          "checksum": "fbd0814331d7c3dd4b6d07c43edb3e35"
        },
        {
          "type": "cssRules",
          "assetId": "wqCteQAZBbmm",
          "checksum": "fbd0814331d7c3dd4b6d07c43edb3e35"
        },
        {
          "type": "renderModule",
          "assetId": "-CIawKX8tr",
          "checksum": "0f08adab25742e719fee7d9d39f60836"
        },
        {
          "type": "cssRules",
          "assetId": "-CIawKX8tr",
          "checksum": "0f08adab25742e719fee7d9d39f60836"
        },
        {
          "type": "icon",
          "assetId": "RLsXfQkufYA",
          "checksum": "aba88f890660945a5657329fe24daa9e"
        },
        {
          "type": "icon",
          "assetId": "WB5XkWbW5VKz",
          "checksum": "d9c0c176bf5d52ff39670aff1e5f6f00"
        },
        {
          "type": "icon",
          "assetId": "aZIZG1z1cSt6",
          "checksum": "e131bf77e32246b5119233d5e24f86b3"
        },
        {
          "type": "icon",
          "assetId": "eiHQTWqt3Fpt",
          "checksum": "d29379c4f4dff51420b31e0c7b954d28"
        },
        {
          "type": "icon",
          "assetId": "JX_iQwrfDH6A",
          "checksum": "2a7d972db338378f3c49218ad7739bb9"
        },
        {
          "type": "icon",
          "assetId": "HPlQ4wRGRQjs",
          "checksum": "af73a6c0de6f864b8a05cf2a8cf6357f"
        },
        {
          "type": "icon",
          "assetId": "sP_ytR6HHfAn",
          "checksum": "db0a20566f2ca709079cc0bdd1520d23"
        },
        {
          "type": "image",
          "assetId": "CzlSI6msmp5_",
          "checksum": "3fa8c35fd11e1f14d97303ba2438ed2e"
        },
        {
          "type": "image",
          "assetId": "kaY9UFFBR5OA",
          "checksum": "36e5dbaf38afbc64e61c616e821b389f"
        },
        {
          "type": "image",
          "assetId": "wRwEiRdCil8p",
          "checksum": "7b0bf767da56e0af6b8846d1ed3b8a90"
        },
        {
          "type": "image",
          "assetId": "nDRd6gnUhJik",
          "checksum": "78afb301a9ca36dfd1c93318d5c6fa4a"
        },
        {
          "type": "image",
          "assetId": "5Ehu5QOkUvdD",
          "checksum": "8f158d8ea5ba7987a67ba7320011f56d"
        },
        {
          "type": "image",
          "assetId": "TFdH_gfvufAm",
          "checksum": "7faa53e814fa2cec19ec3f0a464da7aa"
        },
        {
          "type": "image",
          "assetId": "6PMwqFQ925aO",
          "checksum": "452f87f51708b2d1de1fed497f475f67"
        },
        {
          "type": "image",
          "assetId": "1bdoyUuFCD1o",
          "checksum": "b13fb759ae77245af1d3fc3bc89f0a77"
        },
        {
          "type": "image",
          "assetId": "OkM33bRkPMXR",
          "checksum": "584db301972bd2bf5eabb62620e434bd"
        },
        {
          "type": "image",
          "assetId": "IT2lV8VBcJcz",
          "checksum": "08ad01b62ad2b4bf2cee2cadff7c4a88"
        },
        {
          "type": "image",
          "assetId": "u6MfAxtMXU-h",
          "checksum": "813cbbd22db2852f8aa30d359107e9e1"
        },
        {
          "type": "image",
          "assetId": "nQd-VI9IEnxC",
          "checksum": "f0e8b772ec9fecbf667761fad709cef1"
        },
        {
          "type": "image",
          "assetId": "8EZeOPkGIVFM",
          "checksum": "1db1bd7d792fab3ce59f5112708d6c6e"
        },
        {
          "type": "image",
          "assetId": "rg0IbPz9HvrW",
          "checksum": "16330103fae2a1e9b3460d51d4b0a3b1"
        },
        {
          "type": "image",
          "assetId": "UoND0ZAmLMGc",
          "checksum": "9c40fd51831b319c0e76b9a8610f5f89"
        },
        {
          "type": "image",
          "assetId": "fCwBx_BcfMFr",
          "checksum": "3d4e52e1df46170d53693e052efd00fc"
        },
        {
          "type": "image",
          "assetId": "h6sSLf5NALFk",
          "checksum": "a32d5459005fbf52bb481703dbaf5949"
        },
        {
          "type": "image",
          "assetId": "nFn9seA7MsfH",
          "checksum": "27fbdb0d473898e9fb31c119cdcaaf83"
        },
        {
          "type": "image",
          "assetId": "N-Spetl0vrzj",
          "checksum": "5126c3383d8b7e7b8ea5e1bcfc2c9160"
        },
        {
          "type": "image",
          "assetId": "fSfoWCY8QuDA",
          "checksum": "35bfe5b0113be88d8fac9208d8528bff"
        },
        {
          "type": "image",
          "assetId": "G5YbxUdqHTKE",
          "checksum": "9177cf2eef7ed42877bd407111fe04ff"
        },
        {
          "type": "image",
          "assetId": "3Ln4Z2Y4nTOB",
          "checksum": "2a1f61104629b6a63fb8affb6e67282a"
        },
        {
          "type": "image",
          "assetId": "ibvlUw1tUTL9",
          "checksum": "a73236dd71fc4bf695dec5f1487b7c4d"
        },
        {
          "type": "image",
          "assetId": "u7Ox3KFggMcl",
          "checksum": "8a60a5ebfb51c2433ebaa85aebc21495"
        },
        {
          "type": "image",
          "assetId": "QmCIbfddaWhO",
          "checksum": "9e02f8a79a9b2718c183644fc6d38ade"
        },
        {
          "type": "image",
          "assetId": "669JU5mPhiY8",
          "checksum": "3d6bc5c464ff12cec3e80abf49255772"
        },
        {
          "type": "image",
          "assetId": "EYNK8LUA_KEZ",
          "checksum": "353dd42ab14b1104970d619d27f48845"
        },
        {
          "type": "image",
          "assetId": "g750ID70XdTN",
          "checksum": "6ce41cc759a647b0ab99230d94e89841"
        },
        {
          "type": "image",
          "assetId": "YweZERGRb57r",
          "checksum": "2a2d746175139eca60d85793b76bddc8"
        },
        {
          "type": "image",
          "assetId": "q4pulqtjsexd",
          "checksum": "73014769059a42d75e03535ad4be1328"
        },
        {
          "type": "image",
          "assetId": "6IGwYNPYd0RJ",
          "checksum": "37124dd90000ca2cdb264a1e91e94251"
        },
        {
          "type": "image",
          "assetId": "3HeXXXh_BOsd",
          "checksum": "13c15cd3456b97234682679cd26d2d0d"
        },
        {
          "type": "image",
          "assetId": "unt4eCQh1Xy6",
          "checksum": "305a86dbcea0e7fef64c79d2df1395f1"
        },
        {
          "type": "image",
          "assetId": "zT5qRBRzbQbl",
          "checksum": "163df16055e3889e056db94a718d75b9"
        },
        {
          "type": "image",
          "assetId": "4meDEtdKnjXu",
          "checksum": "b3b2ec6725d7f0eeb1b0ddf308bddf93"
        },
        {
          "type": "image",
          "assetId": "alKa31kDBgHR",
          "checksum": "0d32896c0a86d6ce2851d7d956b3b145"
        }
      ],
      "codegenVersion": "0.0.1"
    }
  ],
  "cliVersion": "0.1.186"
}
