{
  "projects": [
    {
      "projectId": "5qqynfEyE1GRjXiSU2SzXg",
      "version": "latest",
      "dependencies": {},
      "lang": "js",
      "fileLocks": [
        {
          "type": "globalVariant",
          "assetId": "9Jt8zyUGZpp5z",
          "checksum": "232fea2896be13b90ab1ae6188fe679f"
        },
        {
          "type": "renderModule",
          "assetId": "TGeMzutafjGO",
          "checksum": "86c0cdd3238e796378f1229995e15c97"
        },
        {
          "type": "cssRules",
          "assetId": "TGeMzutafjGO",
          "checksum": "86c0cdd3238e796378f1229995e15c97"
        },
        {
          "type": "renderModule",
          "assetId": "HtSj_bf-pk",
          "checksum": "f53a15a350d5218ccc1c3155fd3830f5"
        },
        {
          "type": "cssRules",
          "assetId": "HtSj_bf-pk",
          "checksum": "f53a15a350d5218ccc1c3155fd3830f5"
        },
        {
          "assetId": "5qqynfEyE1GRjXiSU2SzXg",
          "type": "projectCss",
          "checksum": "ffe072e2e5ada0c26189dfd9376f1211"
        }
      ],
      "codegenVersion": "0.0.1"
    }
  ],
  "cliVersion": "0.1.186"
}
